// !$*UTF8*$!
{
	archiveVersion = 1;
	classes = {
	};
	objectVersion = 46;
	objects = {
/* Begin PBXBuildFile section */
		0207DA581B56EA530066E2B4 /* Images.xcassets in Resources */ = {isa = PBXBuildFile; fileRef = 0207DA571B56EA530066E2B4 /* Images.xcassets */; };
		1D3623260D0F684500981E51 /* AppDelegate.m in Sources */ = {isa = PBXBuildFile; fileRef = 1D3623250D0F684500981E51 /* AppDelegate.m */; };
		1D60589B0D05DD56006BFB54 /* main.m in Sources */ = {isa = PBXBuildFile; fileRef = 29B97316FDCFA39411CA2CEA /* main.m */; };
		301BF552109A68D80062928A /* libCordova.a in Frameworks */ = {isa = PBXBuildFile; fileRef = 301BF535109A57CC0062928A /* libCordova.a */; };
		302D95F114D2391D003F00A1 /* MainViewController.m in Sources */ = {isa = PBXBuildFile; fileRef = 302D95EF14D2391D003F00A1 /* MainViewController.m */; };
		302D95F214D2391D003F00A1 /* MainViewController.xib in Resources */ = {isa = PBXBuildFile; fileRef = 302D95F014D2391D003F00A1 /* MainViewController.xib */; };
		3047A5121AB8059700498E2A /* build-debug.xcconfig in Resources */ = {isa = PBXBuildFile; fileRef = 3047A50F1AB8059700498E2A /* build-debug.xcconfig */; };
		3047A5131AB8059700498E2A /* build-release.xcconfig in Resources */ = {isa = PBXBuildFile; fileRef = 3047A5101AB8059700498E2A /* build-release.xcconfig */; };
		3047A5141AB8059700498E2A /* build.xcconfig in Resources */ = {isa = PBXBuildFile; fileRef = 3047A5111AB8059700498E2A /* build.xcconfig */; };
		CE911F4D75964937916A09C7 /* CDVBattery.m in Sources */ = {isa = PBXBuildFile; fileRef = 788B46F2F752447DBBBACC49 /* CDVBattery.m */; };
		B06178ABA4E0415699ECFABC /* UIImage+CropScaleOrientation.m in Sources */ = {isa = PBXBuildFile; fileRef = 048963AFCD2A4E4EA6AD036A /* UIImage+CropScaleOrientation.m */; };
		6299ADE78E414D01B54AB948 /* CDVCamera.m in Sources */ = {isa = PBXBuildFile; fileRef = 308C25ED377241DAAA1AF966 /* CDVCamera.m */; };
		704B4D69E4D745FDA4CCF364 /* CDVJpegHeaderWriter.m in Sources */ = {isa = PBXBuildFile; fileRef = 8A3BE91C43E54001B95BA322 /* CDVJpegHeaderWriter.m */; };
		5E43EFC5190642E8A4D75DD5 /* ImageIO.framework in Frameworks */ = {isa = PBXBuildFile; fileRef = 018373D9C373490EBA469EB7 /* ImageIO.framework */; settings = {ATTRIBUTES = (Weak, ); }; };
		2E4540EBB7D04A449C2B8B14 /* CoreLocation.framework in Frameworks */ = {isa = PBXBuildFile; fileRef = 43C8BE6458A54C83BB982350 /* CoreLocation.framework */; };
		4D6B294BD60A4EF5ABFD7511 /* AVFoundation.framework in Frameworks */ = {isa = PBXBuildFile; fileRef = D46F7EE8B1E740BEA4979FF2 /* AVFoundation.framework */; };
		79D829419DCA478E84E22C36 /* CDVLogger.m in Sources */ = {isa = PBXBuildFile; fileRef = 90AA6CECA3144B5CAFCCD5EE /* CDVLogger.m */; };
		47207C7E74F94E16A07C21DC /* CDVContacts.m in Sources */ = {isa = PBXBuildFile; fileRef = 79441E9A7C034B33A90B73F7 /* CDVContacts.m */; };
		4F57A9C585B74F439A48949D /* CDVContact.m in Sources */ = {isa = PBXBuildFile; fileRef = 96C97BC025064FCABDF2123E /* CDVContact.m */; };
		3259744CACE24A2AB0284B1F /* AddressBook.framework in Frameworks */ = {isa = PBXBuildFile; fileRef = E6C71EE3317B41E28AB9D72D /* AddressBook.framework */; settings = {ATTRIBUTES = (Weak, ); }; };
		7623B777D4294C2F90E94619 /* AddressBookUI.framework in Frameworks */ = {isa = PBXBuildFile; fileRef = 35CEFD8AB96B420997CD9E15 /* AddressBookUI.framework */; settings = {ATTRIBUTES = (Weak, ); }; };
		DC1690459AC143018175CE80 /* CDVDevice.m in Sources */ = {isa = PBXBuildFile; fileRef = D5ABA7F9936A4E208F2A84BD /* CDVDevice.m */; };
		33B50517451847BEBCFE222B /* CDVAccelerometer.m in Sources */ = {isa = PBXBuildFile; fileRef = D2CD017575864247A04C2CFD /* CDVAccelerometer.m */; };
		4BFB37B33EB54506ACFC67DA /* CoreMotion.framework in Frameworks */ = {isa = PBXBuildFile; fileRef = 0F2801A34EC645CA83378EB8 /* CoreMotion.framework */; };
		FC7833BE506D4814AFF8F327 /* CDVCompass.m in Sources */ = {isa = PBXBuildFile; fileRef = 20F92141DF2847FFBF4E4EA4 /* CDVCompass.m */; };
		BE956D121E384227865401EB /* CDVNotification.m in Sources */ = {isa = PBXBuildFile; fileRef = DB11E321788B409A9A30CBF1 /* CDVNotification.m */; };
		16D9784D27564D33BFC646D2 /* CDVNotification.bundle in Resources */ = {isa = PBXBuildFile; fileRef = B6E753CA34024972BE6F6056 /* CDVNotification.bundle */; };
		8B0A67E910344BE9B3F6E994 /* AudioToolbox.framework in Frameworks */ = {isa = PBXBuildFile; fileRef = 53F367B174F643498B696D35 /* AudioToolbox.framework */; settings = {ATTRIBUTES = (Weak, ); }; };
		A76257DCA8644A4BA96BFBBB /* CDVFile.m in Sources */ = {isa = PBXBuildFile; fileRef = D021B0161DA7425CB24BC02E /* CDVFile.m */; };
		12F7175ACA4E4759A8A0EEF2 /* CDVLocalFilesystem.m in Sources */ = {isa = PBXBuildFile; fileRef = 8BF44F5780074699A0963FA2 /* CDVLocalFilesystem.m */; };
		6715806A941F429EBFD3D977 /* CDVAssetLibraryFilesystem.m in Sources */ = {isa = PBXBuildFile; fileRef = AF8C89728ABF484DA6E860DF /* CDVAssetLibraryFilesystem.m */; };
		B7A2CD0C10CF4825BA2A51D2 /* CDVFileTransfer.m in Sources */ = {isa = PBXBuildFile; fileRef = 160E940E38654E77B0BFD951 /* CDVFileTransfer.m */; };
		1783E96815074E02B3AED183 /* CDVLocation.m in Sources */ = {isa = PBXBuildFile; fileRef = C4528529B4DE4F89854F7B47 /* CDVLocation.m */; };
		FB29F6F4679C4C0A83192ACE /* CDVGlobalization.m in Sources */ = {isa = PBXBuildFile; fileRef = 88914EBC9CDF4E648894FBBA /* CDVGlobalization.m */; };
		B8F1EA74643249E89D7180D7 /* CDVInAppBrowser.m in Sources */ = {isa = PBXBuildFile; fileRef = 19AC3EC7CD704ACE821189DC /* CDVInAppBrowser.m */; };
		8C06016F2FA749B88D10A553 /* CDVSound.m in Sources */ = {isa = PBXBuildFile; fileRef = 79F78AD44C304866B79B99F6 /* CDVSound.m */; };
		82F3C639C9B34474B7F4857E /* CDVCapture.m in Sources */ = {isa = PBXBuildFile; fileRef = D64B09815AD54EE39840C603 /* CDVCapture.m */; };
		77F191FE4D504512A76E12F7 /* CDVCapture.bundle in Resources */ = {isa = PBXBuildFile; fileRef = 56DE0EE204524C40AB450218 /* CDVCapture.bundle */; };
		A49EA8E00A4546DBA95D24F6 /* CDVConnection.m in Sources */ = {isa = PBXBuildFile; fileRef = 374572F21B974DFF9C089440 /* CDVConnection.m */; };
		9ABA14A4DEAE4E9F82E28F7A /* CDVReachability.m in Sources */ = {isa = PBXBuildFile; fileRef = 9464AF3E93374743A16D468C /* CDVReachability.m */; };
		D44F6BCDD8074DF4BFEC28FB /* SystemConfiguration.framework in Frameworks */ = {isa = PBXBuildFile; fileRef = 55CC9579BC9F4F51AA3EE484 /* SystemConfiguration.framework */; settings = {ATTRIBUTES = (Weak, ); }; };
		AC34181A983C46B4958B2B65 /* CoreTelephony.framework in Frameworks */ = {isa = PBXBuildFile; fileRef = 99FE77ABAA7E448BAE5BF2F0 /* CoreTelephony.framework */; };
		28C2263E86E34B229B18805E /* CDVSplashScreen.m in Sources */ = {isa = PBXBuildFile; fileRef = A873AD7A585549FA85DC10FD /* CDVSplashScreen.m */; };
		2EEC2D62F39E4F1B9A67F2AD /* CDVViewController+SplashScreen.m in Sources */ = {isa = PBXBuildFile; fileRef = FF429ABC4E1E4296A31B6C6E /* CDVViewController+SplashScreen.m */; };
		866D118242C24968B0C328BD /* CDVStatusBar.m in Sources */ = {isa = PBXBuildFile; fileRef = C7A70535375C4BE69BC4ABB5 /* CDVStatusBar.m */; };
		D3B53C713B304392AA6AEFA7 /* CDVVibration.m in Sources */ = {isa = PBXBuildFile; fileRef = D50C74BFC03C47539AEEBA1D /* CDVVibration.m */; };
/* End PBXBuildFile section */

/* Begin PBXContainerItemProxy section */
		301BF534109A57CC0062928A /* PBXContainerItemProxy */ = {
			isa = PBXContainerItemProxy;
			containerPortal = 301BF52D109A57CC0062928A /* CordovaLib.xcodeproj */;
			proxyType = 2;
			remoteGlobalIDString = D2AAC07E0554694100DB518D;
			remoteInfo = CordovaLib;
		};
		301BF550109A68C00062928A /* PBXContainerItemProxy */ = {
			isa = PBXContainerItemProxy;
			containerPortal = 301BF52D109A57CC0062928A /* CordovaLib.xcodeproj */;
			proxyType = 1;
			remoteGlobalIDString = D2AAC07D0554694100DB518D;
			remoteInfo = CordovaLib;
		};
/* End PBXContainerItemProxy section */

/* Begin PBXFileReference section */
		0207DA571B56EA530066E2B4 /* Images.xcassets */ = {isa = PBXFileReference; lastKnownFileType = folder.assetcatalog; name = Images.xcassets; path = "Onsen Test/Images.xcassets"; sourceTree = SOURCE_ROOT; };
		1D3623240D0F684500981E51 /* AppDelegate.h */ = {isa = PBXFileReference; fileEncoding = 4; lastKnownFileType = sourcecode.c.h; path = AppDelegate.h; sourceTree = "<group>"; };
		1D3623250D0F684500981E51 /* AppDelegate.m */ = {isa = PBXFileReference; fileEncoding = 4; lastKnownFileType = sourcecode.c.objc; path = AppDelegate.m; sourceTree = "<group>"; };
		1D6058910D05DD3D006BFB54 /* Onsen Test.app */ = {isa = PBXFileReference; explicitFileType = wrapper.application; includeInIndex = 0; path = "Onsen Test.app"; sourceTree = BUILT_PRODUCTS_DIR; };
		29B97316FDCFA39411CA2CEA /* main.m */ = {isa = PBXFileReference; fileEncoding = 4; lastKnownFileType = sourcecode.c.objc; path = main.m; sourceTree = "<group>"; };
		301BF52D109A57CC0062928A /* CordovaLib.xcodeproj */ = {isa = PBXFileReference; lastKnownFileType = "wrapper.pb-project"; name = CordovaLib.xcodeproj; path = CordovaLib/CordovaLib.xcodeproj; sourceTree = "<group>"; };
		301BF56E109A69640062928A /* www */ = {isa = PBXFileReference; lastKnownFileType = folder; path = www; sourceTree = SOURCE_ROOT; };
		302D95EE14D2391D003F00A1 /* MainViewController.h */ = {isa = PBXFileReference; fileEncoding = 4; lastKnownFileType = sourcecode.c.h; path = MainViewController.h; sourceTree = "<group>"; };
		302D95EF14D2391D003F00A1 /* MainViewController.m */ = {isa = PBXFileReference; fileEncoding = 4; lastKnownFileType = sourcecode.c.objc; path = MainViewController.m; sourceTree = "<group>"; };
		302D95F014D2391D003F00A1 /* MainViewController.xib */ = {isa = PBXFileReference; fileEncoding = 4; lastKnownFileType = file.xib; path = MainViewController.xib; sourceTree = "<group>"; };
		3047A50F1AB8059700498E2A /* build-debug.xcconfig */ = {isa = PBXFileReference; fileEncoding = 4; lastKnownFileType = text.xcconfig; name = "build-debug.xcconfig"; path = cordova/build-debug.xcconfig; sourceTree = SOURCE_ROOT; };
		3047A5101AB8059700498E2A /* build-release.xcconfig */ = {isa = PBXFileReference; fileEncoding = 4; lastKnownFileType = text.xcconfig; name = "build-release.xcconfig"; path = cordova/build-release.xcconfig; sourceTree = SOURCE_ROOT; };
		3047A5111AB8059700498E2A /* build.xcconfig */ = {isa = PBXFileReference; fileEncoding = 4; lastKnownFileType = text.xcconfig; name = build.xcconfig; path = cordova/build.xcconfig; sourceTree = SOURCE_ROOT; };
		32CA4F630368D1EE00C91783 /* Onsen Test-Prefix.pch */ = {isa = PBXFileReference; fileEncoding = 4; lastKnownFileType = sourcecode.c.h; path = "Onsen Test-Prefix.pch"; sourceTree = "<group>"; };
		8D1107310486CEB800E47090 /* Onsen Test-Info.plist */ = {isa = PBXFileReference; fileEncoding = 4; lastKnownFileType = text.plist.xml; name = "Onsen Test-Info.plist"; path = "Onsen Test/Onsen Test-Info.plist"; plistStructureDefinitionIdentifier = "com.apple.xcode.plist.structure-definition.iphone.info-plist"; sourceTree = SOURCE_ROOT; };
		EB87FDF31871DA8E0020F90C /* www */ = {isa = PBXFileReference; lastKnownFileType = folder; name = www; path = ../../www; sourceTree = "<group>"; };
		EB87FDF41871DAF40020F90C /* config.xml */ = {isa = PBXFileReference; lastKnownFileType = text.xml; name = config.xml; path = ../../config.xml; sourceTree = "<group>"; };
		F840E1F0165FE0F500CFE078 /* config.xml */ = {isa = PBXFileReference; lastKnownFileType = text.xml; name = config.xml; path = "Onsen Test/config.xml"; sourceTree = "<group>"; };
		ED33DF2A687741AEAF9F8254 /* Bridging-Header.h */ = {isa = PBXFileReference; fileEncoding = 4; lastKnownFileType = sourcecode.c.h; name = "Bridging-Header.h"; path = "Bridging-Header.h"; sourceTree = "<group>"; };
		788B46F2F752447DBBBACC49 /* CDVBattery.m */ = {isa = PBXFileReference; name = "CDVBattery.m"; path = "cordova-plugin-battery-status/CDVBattery.m"; sourceTree = "<group>"; fileEncoding = 4; lastKnownFileType = sourcecode.c.objc; explicitFileType = undefined; includeInIndex = 0; };
		177FF07E7CD74FF49DD7BAD9 /* CDVBattery.h */ = {isa = PBXFileReference; name = "CDVBattery.h"; path = "cordova-plugin-battery-status/CDVBattery.h"; sourceTree = "<group>"; fileEncoding = 4; lastKnownFileType = sourcecode.c.h; explicitFileType = undefined; includeInIndex = 0; };
		048963AFCD2A4E4EA6AD036A /* UIImage+CropScaleOrientation.m */ = {isa = PBXFileReference; name = "UIImage+CropScaleOrientation.m"; path = "cordova-plugin-camera/UIImage+CropScaleOrientation.m"; sourceTree = "<group>"; fileEncoding = 4; lastKnownFileType = sourcecode.c.objc; explicitFileType = undefined; includeInIndex = 0; };
		308C25ED377241DAAA1AF966 /* CDVCamera.m */ = {isa = PBXFileReference; name = "CDVCamera.m"; path = "cordova-plugin-camera/CDVCamera.m"; sourceTree = "<group>"; fileEncoding = 4; lastKnownFileType = sourcecode.c.objc; explicitFileType = undefined; includeInIndex = 0; };
		8A3BE91C43E54001B95BA322 /* CDVJpegHeaderWriter.m */ = {isa = PBXFileReference; name = "CDVJpegHeaderWriter.m"; path = "cordova-plugin-camera/CDVJpegHeaderWriter.m"; sourceTree = "<group>"; fileEncoding = 4; lastKnownFileType = sourcecode.c.objc; explicitFileType = undefined; includeInIndex = 0; };
		CEBDD3C0EB4D41DA915EDFE6 /* UIImage+CropScaleOrientation.h */ = {isa = PBXFileReference; name = "UIImage+CropScaleOrientation.h"; path = "cordova-plugin-camera/UIImage+CropScaleOrientation.h"; sourceTree = "<group>"; fileEncoding = 4; lastKnownFileType = sourcecode.c.h; explicitFileType = undefined; includeInIndex = 0; };
		4171C0E61A894E9F97955FD1 /* CDVCamera.h */ = {isa = PBXFileReference; name = "CDVCamera.h"; path = "cordova-plugin-camera/CDVCamera.h"; sourceTree = "<group>"; fileEncoding = 4; lastKnownFileType = sourcecode.c.h; explicitFileType = undefined; includeInIndex = 0; };
		A03FBDC264C54628A961AF65 /* CDVJpegHeaderWriter.h */ = {isa = PBXFileReference; name = "CDVJpegHeaderWriter.h"; path = "cordova-plugin-camera/CDVJpegHeaderWriter.h"; sourceTree = "<group>"; fileEncoding = 4; lastKnownFileType = sourcecode.c.h; explicitFileType = undefined; includeInIndex = 0; };
		0E504A16C82A40D4A8D8B704 /* CDVExif.h */ = {isa = PBXFileReference; name = "CDVExif.h"; path = "cordova-plugin-camera/CDVExif.h"; sourceTree = "<group>"; fileEncoding = 4; lastKnownFileType = sourcecode.c.h; explicitFileType = undefined; includeInIndex = 0; };
		018373D9C373490EBA469EB7 /* ImageIO.framework */ = {isa = PBXFileReference; name = "ImageIO.framework"; path = "System/Library/Frameworks/ImageIO.framework"; sourceTree = SDKROOT; fileEncoding = undefined; lastKnownFileType = wrapper.framework; explicitFileType = undefined; includeInIndex = 0; };
		43C8BE6458A54C83BB982350 /* CoreLocation.framework */ = {isa = PBXFileReference; name = "CoreLocation.framework"; path = "System/Library/Frameworks/CoreLocation.framework"; sourceTree = SDKROOT; fileEncoding = undefined; lastKnownFileType = wrapper.framework; explicitFileType = undefined; includeInIndex = 0; };
		D46F7EE8B1E740BEA4979FF2 /* AVFoundation.framework */ = {isa = PBXFileReference; name = "AVFoundation.framework"; path = "System/Library/Frameworks/AVFoundation.framework"; sourceTree = SDKROOT; fileEncoding = undefined; lastKnownFileType = wrapper.framework; explicitFileType = undefined; includeInIndex = 0; };
		90AA6CECA3144B5CAFCCD5EE /* CDVLogger.m */ = {isa = PBXFileReference; name = "CDVLogger.m"; path = "cordova-plugin-console/CDVLogger.m"; sourceTree = "<group>"; fileEncoding = 4; lastKnownFileType = sourcecode.c.objc; explicitFileType = undefined; includeInIndex = 0; };
		EDDF39B733E1427A8272D908 /* CDVLogger.h */ = {isa = PBXFileReference; name = "CDVLogger.h"; path = "cordova-plugin-console/CDVLogger.h"; sourceTree = "<group>"; fileEncoding = 4; lastKnownFileType = sourcecode.c.h; explicitFileType = undefined; includeInIndex = 0; };
		79441E9A7C034B33A90B73F7 /* CDVContacts.m */ = {isa = PBXFileReference; name = "CDVContacts.m"; path = "cordova-plugin-contacts/CDVContacts.m"; sourceTree = "<group>"; fileEncoding = 4; lastKnownFileType = sourcecode.c.objc; explicitFileType = undefined; includeInIndex = 0; };
		96C97BC025064FCABDF2123E /* CDVContact.m */ = {isa = PBXFileReference; name = "CDVContact.m"; path = "cordova-plugin-contacts/CDVContact.m"; sourceTree = "<group>"; fileEncoding = 4; lastKnownFileType = sourcecode.c.objc; explicitFileType = undefined; includeInIndex = 0; };
		6FD7A9978321436C84DCD9F8 /* CDVContacts.h */ = {isa = PBXFileReference; name = "CDVContacts.h"; path = "cordova-plugin-contacts/CDVContacts.h"; sourceTree = "<group>"; fileEncoding = 4; lastKnownFileType = sourcecode.c.h; explicitFileType = undefined; includeInIndex = 0; };
		9F998D9012BC4BD0950FD05C /* CDVContact.h */ = {isa = PBXFileReference; name = "CDVContact.h"; path = "cordova-plugin-contacts/CDVContact.h"; sourceTree = "<group>"; fileEncoding = 4; lastKnownFileType = sourcecode.c.h; explicitFileType = undefined; includeInIndex = 0; };
		E6C71EE3317B41E28AB9D72D /* AddressBook.framework */ = {isa = PBXFileReference; name = "AddressBook.framework"; path = "System/Library/Frameworks/AddressBook.framework"; sourceTree = SDKROOT; fileEncoding = undefined; lastKnownFileType = wrapper.framework; explicitFileType = undefined; includeInIndex = 0; };
		35CEFD8AB96B420997CD9E15 /* AddressBookUI.framework */ = {isa = PBXFileReference; name = "AddressBookUI.framework"; path = "System/Library/Frameworks/AddressBookUI.framework"; sourceTree = SDKROOT; fileEncoding = undefined; lastKnownFileType = wrapper.framework; explicitFileType = undefined; includeInIndex = 0; };
		D5ABA7F9936A4E208F2A84BD /* CDVDevice.m */ = {isa = PBXFileReference; name = "CDVDevice.m"; path = "cordova-plugin-device/CDVDevice.m"; sourceTree = "<group>"; fileEncoding = 4; lastKnownFileType = sourcecode.c.objc; explicitFileType = undefined; includeInIndex = 0; };
		09C1C3AE4D584A84A208B73B /* CDVDevice.h */ = {isa = PBXFileReference; name = "CDVDevice.h"; path = "cordova-plugin-device/CDVDevice.h"; sourceTree = "<group>"; fileEncoding = 4; lastKnownFileType = sourcecode.c.h; explicitFileType = undefined; includeInIndex = 0; };
		D2CD017575864247A04C2CFD /* CDVAccelerometer.m */ = {isa = PBXFileReference; name = "CDVAccelerometer.m"; path = "cordova-plugin-device-motion/CDVAccelerometer.m"; sourceTree = "<group>"; fileEncoding = 4; lastKnownFileType = sourcecode.c.objc; explicitFileType = undefined; includeInIndex = 0; };
		B46F59F0D5994681827C70AE /* CDVAccelerometer.h */ = {isa = PBXFileReference; name = "CDVAccelerometer.h"; path = "cordova-plugin-device-motion/CDVAccelerometer.h"; sourceTree = "<group>"; fileEncoding = 4; lastKnownFileType = sourcecode.c.h; explicitFileType = undefined; includeInIndex = 0; };
		0F2801A34EC645CA83378EB8 /* CoreMotion.framework */ = {isa = PBXFileReference; name = "CoreMotion.framework"; path = "System/Library/Frameworks/CoreMotion.framework"; sourceTree = SDKROOT; fileEncoding = undefined; lastKnownFileType = wrapper.framework; explicitFileType = undefined; includeInIndex = 0; };
		20F92141DF2847FFBF4E4EA4 /* CDVCompass.m */ = {isa = PBXFileReference; name = "CDVCompass.m"; path = "cordova-plugin-device-orientation/CDVCompass.m"; sourceTree = "<group>"; fileEncoding = 4; lastKnownFileType = sourcecode.c.objc; explicitFileType = undefined; includeInIndex = 0; };
		2D60D22563E144A98B5A6C96 /* CDVCompass.h */ = {isa = PBXFileReference; name = "CDVCompass.h"; path = "cordova-plugin-device-orientation/CDVCompass.h"; sourceTree = "<group>"; fileEncoding = 4; lastKnownFileType = sourcecode.c.h; explicitFileType = undefined; includeInIndex = 0; };
		DB11E321788B409A9A30CBF1 /* CDVNotification.m */ = {isa = PBXFileReference; name = "CDVNotification.m"; path = "cordova-plugin-dialogs/CDVNotification.m"; sourceTree = "<group>"; fileEncoding = 4; lastKnownFileType = sourcecode.c.objc; explicitFileType = undefined; includeInIndex = 0; };
		97B21B9D6F0446D1A1BCFEAD /* CDVNotification.h */ = {isa = PBXFileReference; name = "CDVNotification.h"; path = "cordova-plugin-dialogs/CDVNotification.h"; sourceTree = "<group>"; fileEncoding = 4; lastKnownFileType = sourcecode.c.h; explicitFileType = undefined; includeInIndex = 0; };
		B6E753CA34024972BE6F6056 /* CDVNotification.bundle */ = {isa = PBXFileReference; name = "CDVNotification.bundle"; path = "CDVNotification.bundle"; sourceTree = "<group>"; fileEncoding = undefined; lastKnownFileType = wrapper.plug-in; explicitFileType = undefined; includeInIndex = 0; };
		53F367B174F643498B696D35 /* AudioToolbox.framework */ = {isa = PBXFileReference; name = "AudioToolbox.framework"; path = "System/Library/Frameworks/AudioToolbox.framework"; sourceTree = SDKROOT; fileEncoding = undefined; lastKnownFileType = wrapper.framework; explicitFileType = undefined; includeInIndex = 0; };
		D021B0161DA7425CB24BC02E /* CDVFile.m */ = {isa = PBXFileReference; name = "CDVFile.m"; path = "cordova-plugin-file/CDVFile.m"; sourceTree = "<group>"; fileEncoding = 4; lastKnownFileType = sourcecode.c.objc; explicitFileType = undefined; includeInIndex = 0; };
		8BF44F5780074699A0963FA2 /* CDVLocalFilesystem.m */ = {isa = PBXFileReference; name = "CDVLocalFilesystem.m"; path = "cordova-plugin-file/CDVLocalFilesystem.m"; sourceTree = "<group>"; fileEncoding = 4; lastKnownFileType = sourcecode.c.objc; explicitFileType = undefined; includeInIndex = 0; };
		AF8C89728ABF484DA6E860DF /* CDVAssetLibraryFilesystem.m */ = {isa = PBXFileReference; name = "CDVAssetLibraryFilesystem.m"; path = "cordova-plugin-file/CDVAssetLibraryFilesystem.m"; sourceTree = "<group>"; fileEncoding = 4; lastKnownFileType = sourcecode.c.objc; explicitFileType = undefined; includeInIndex = 0; };
		210924B3F9EB4456B2C5B5ED /* CDVFile.h */ = {isa = PBXFileReference; name = "CDVFile.h"; path = "cordova-plugin-file/CDVFile.h"; sourceTree = "<group>"; fileEncoding = 4; lastKnownFileType = sourcecode.c.h; explicitFileType = undefined; includeInIndex = 0; };
		02A359029EC7492FA3C27040 /* CDVLocalFilesystem.h */ = {isa = PBXFileReference; name = "CDVLocalFilesystem.h"; path = "cordova-plugin-file/CDVLocalFilesystem.h"; sourceTree = "<group>"; fileEncoding = 4; lastKnownFileType = sourcecode.c.h; explicitFileType = undefined; includeInIndex = 0; };
		E1955C8C60A44A328F86C601 /* CDVAssetLibraryFilesystem.h */ = {isa = PBXFileReference; name = "CDVAssetLibraryFilesystem.h"; path = "cordova-plugin-file/CDVAssetLibraryFilesystem.h"; sourceTree = "<group>"; fileEncoding = 4; lastKnownFileType = sourcecode.c.h; explicitFileType = undefined; includeInIndex = 0; };
		160E940E38654E77B0BFD951 /* CDVFileTransfer.m */ = {isa = PBXFileReference; name = "CDVFileTransfer.m"; path = "cordova-plugin-file-transfer/CDVFileTransfer.m"; sourceTree = "<group>"; fileEncoding = 4; lastKnownFileType = sourcecode.c.objc; explicitFileType = undefined; includeInIndex = 0; };
		E9F6D95195624DB6B7210B8E /* CDVFileTransfer.h */ = {isa = PBXFileReference; name = "CDVFileTransfer.h"; path = "cordova-plugin-file-transfer/CDVFileTransfer.h"; sourceTree = "<group>"; fileEncoding = 4; lastKnownFileType = sourcecode.c.h; explicitFileType = undefined; includeInIndex = 0; };
		C4528529B4DE4F89854F7B47 /* CDVLocation.m */ = {isa = PBXFileReference; name = "CDVLocation.m"; path = "cordova-plugin-geolocation/CDVLocation.m"; sourceTree = "<group>"; fileEncoding = 4; lastKnownFileType = sourcecode.c.objc; explicitFileType = undefined; includeInIndex = 0; };
		3B8B6B3EC97B4F218F780DA7 /* CDVLocation.h */ = {isa = PBXFileReference; name = "CDVLocation.h"; path = "cordova-plugin-geolocation/CDVLocation.h"; sourceTree = "<group>"; fileEncoding = 4; lastKnownFileType = sourcecode.c.h; explicitFileType = undefined; includeInIndex = 0; };
		88914EBC9CDF4E648894FBBA /* CDVGlobalization.m */ = {isa = PBXFileReference; name = "CDVGlobalization.m"; path = "cordova-plugin-globalization/CDVGlobalization.m"; sourceTree = "<group>"; fileEncoding = 4; lastKnownFileType = sourcecode.c.objc; explicitFileType = undefined; includeInIndex = 0; };
		6053E8D523A54576B21EBCCD /* CDVGlobalization.h */ = {isa = PBXFileReference; name = "CDVGlobalization.h"; path = "cordova-plugin-globalization/CDVGlobalization.h"; sourceTree = "<group>"; fileEncoding = 4; lastKnownFileType = sourcecode.c.h; explicitFileType = undefined; includeInIndex = 0; };
		19AC3EC7CD704ACE821189DC /* CDVInAppBrowser.m */ = {isa = PBXFileReference; name = "CDVInAppBrowser.m"; path = "cordova-plugin-inappbrowser/CDVInAppBrowser.m"; sourceTree = "<group>"; fileEncoding = 4; lastKnownFileType = sourcecode.c.objc; explicitFileType = undefined; includeInIndex = 0; };
		0A674173B2CA4D718BCF125E /* CDVInAppBrowser.h */ = {isa = PBXFileReference; name = "CDVInAppBrowser.h"; path = "cordova-plugin-inappbrowser/CDVInAppBrowser.h"; sourceTree = "<group>"; fileEncoding = 4; lastKnownFileType = sourcecode.c.h; explicitFileType = undefined; includeInIndex = 0; };
		79F78AD44C304866B79B99F6 /* CDVSound.m */ = {isa = PBXFileReference; name = "CDVSound.m"; path = "cordova-plugin-media/CDVSound.m"; sourceTree = "<group>"; fileEncoding = 4; lastKnownFileType = sourcecode.c.objc; explicitFileType = undefined; includeInIndex = 0; };
		99246684E0A3468A9F0ECE9A /* CDVSound.h */ = {isa = PBXFileReference; name = "CDVSound.h"; path = "cordova-plugin-media/CDVSound.h"; sourceTree = "<group>"; fileEncoding = 4; lastKnownFileType = sourcecode.c.h; explicitFileType = undefined; includeInIndex = 0; };
		D64B09815AD54EE39840C603 /* CDVCapture.m */ = {isa = PBXFileReference; name = "CDVCapture.m"; path = "cordova-plugin-media-capture/CDVCapture.m"; sourceTree = "<group>"; fileEncoding = 4; lastKnownFileType = sourcecode.c.objc; explicitFileType = undefined; includeInIndex = 0; };
		901AA3AD7FA94FACABA4FCA8 /* CDVCapture.h */ = {isa = PBXFileReference; name = "CDVCapture.h"; path = "cordova-plugin-media-capture/CDVCapture.h"; sourceTree = "<group>"; fileEncoding = 4; lastKnownFileType = sourcecode.c.h; explicitFileType = undefined; includeInIndex = 0; };
		56DE0EE204524C40AB450218 /* CDVCapture.bundle */ = {isa = PBXFileReference; name = "CDVCapture.bundle"; path = "CDVCapture.bundle"; sourceTree = "<group>"; fileEncoding = undefined; lastKnownFileType = wrapper.plug-in; explicitFileType = undefined; includeInIndex = 0; };
		374572F21B974DFF9C089440 /* CDVConnection.m */ = {isa = PBXFileReference; name = "CDVConnection.m"; path = "cordova-plugin-network-information/CDVConnection.m"; sourceTree = "<group>"; fileEncoding = 4; lastKnownFileType = sourcecode.c.objc; explicitFileType = undefined; includeInIndex = 0; };
		9464AF3E93374743A16D468C /* CDVReachability.m */ = {isa = PBXFileReference; name = "CDVReachability.m"; path = "cordova-plugin-network-information/CDVReachability.m"; sourceTree = "<group>"; fileEncoding = 4; lastKnownFileType = sourcecode.c.objc; explicitFileType = undefined; includeInIndex = 0; };
		CFE4B8B1F65C4598A79460CA /* CDVConnection.h */ = {isa = PBXFileReference; name = "CDVConnection.h"; path = "cordova-plugin-network-information/CDVConnection.h"; sourceTree = "<group>"; fileEncoding = 4; lastKnownFileType = sourcecode.c.h; explicitFileType = undefined; includeInIndex = 0; };
		0F6FA4092FAF4B989D09CF26 /* CDVReachability.h */ = {isa = PBXFileReference; name = "CDVReachability.h"; path = "cordova-plugin-network-information/CDVReachability.h"; sourceTree = "<group>"; fileEncoding = 4; lastKnownFileType = sourcecode.c.h; explicitFileType = undefined; includeInIndex = 0; };
		55CC9579BC9F4F51AA3EE484 /* SystemConfiguration.framework */ = {isa = PBXFileReference; name = "SystemConfiguration.framework"; path = "System/Library/Frameworks/SystemConfiguration.framework"; sourceTree = SDKROOT; fileEncoding = undefined; lastKnownFileType = wrapper.framework; explicitFileType = undefined; includeInIndex = 0; };
		99FE77ABAA7E448BAE5BF2F0 /* CoreTelephony.framework */ = {isa = PBXFileReference; name = "CoreTelephony.framework"; path = "System/Library/Frameworks/CoreTelephony.framework"; sourceTree = SDKROOT; fileEncoding = undefined; lastKnownFileType = wrapper.framework; explicitFileType = undefined; includeInIndex = 0; };
		A873AD7A585549FA85DC10FD /* CDVSplashScreen.m */ = {isa = PBXFileReference; name = "CDVSplashScreen.m"; path = "cordova-plugin-splashscreen/CDVSplashScreen.m"; sourceTree = "<group>"; fileEncoding = 4; lastKnownFileType = sourcecode.c.objc; explicitFileType = undefined; includeInIndex = 0; };
		FF429ABC4E1E4296A31B6C6E /* CDVViewController+SplashScreen.m */ = {isa = PBXFileReference; name = "CDVViewController+SplashScreen.m"; path = "cordova-plugin-splashscreen/CDVViewController+SplashScreen.m"; sourceTree = "<group>"; fileEncoding = 4; lastKnownFileType = sourcecode.c.objc; explicitFileType = undefined; includeInIndex = 0; };
		5992E2ABF80540658E759EC1 /* CDVSplashScreen.h */ = {isa = PBXFileReference; name = "CDVSplashScreen.h"; path = "cordova-plugin-splashscreen/CDVSplashScreen.h"; sourceTree = "<group>"; fileEncoding = 4; lastKnownFileType = sourcecode.c.h; explicitFileType = undefined; includeInIndex = 0; };
		8D2BB73236DF43C395AEC30E /* CDVViewController+SplashScreen.h */ = {isa = PBXFileReference; name = "CDVViewController+SplashScreen.h"; path = "cordova-plugin-splashscreen/CDVViewController+SplashScreen.h"; sourceTree = "<group>"; fileEncoding = 4; lastKnownFileType = sourcecode.c.h; explicitFileType = undefined; includeInIndex = 0; };
		C7A70535375C4BE69BC4ABB5 /* CDVStatusBar.m */ = {isa = PBXFileReference; name = "CDVStatusBar.m"; path = "cordova-plugin-statusbar/CDVStatusBar.m"; sourceTree = "<group>"; fileEncoding = 4; lastKnownFileType = sourcecode.c.objc; explicitFileType = undefined; includeInIndex = 0; };
		11A7C06106E64AC6A7016166 /* CDVStatusBar.h */ = {isa = PBXFileReference; name = "CDVStatusBar.h"; path = "cordova-plugin-statusbar/CDVStatusBar.h"; sourceTree = "<group>"; fileEncoding = 4; lastKnownFileType = sourcecode.c.h; explicitFileType = undefined; includeInIndex = 0; };
		D50C74BFC03C47539AEEBA1D /* CDVVibration.m */ = {isa = PBXFileReference; name = "CDVVibration.m"; path = "cordova-plugin-vibration/CDVVibration.m"; sourceTree = "<group>"; fileEncoding = 4; lastKnownFileType = sourcecode.c.objc; explicitFileType = undefined; includeInIndex = 0; };
		176A0FB2B0354946B8459C22 /* CDVVibration.h */ = {isa = PBXFileReference; name = "CDVVibration.h"; path = "cordova-plugin-vibration/CDVVibration.h"; sourceTree = "<group>"; fileEncoding = 4; lastKnownFileType = sourcecode.c.h; explicitFileType = undefined; includeInIndex = 0; };
/* End PBXFileReference section */

/* Begin PBXFrameworksBuildPhase section */
		1D60588F0D05DD3D006BFB54 /* Frameworks */ = {
			isa = PBXFrameworksBuildPhase;
			buildActionMask = 2147483647;
			files = (
				301BF552109A68D80062928A /* libCordova.a in Frameworks */,
				5E43EFC5190642E8A4D75DD5 /* ImageIO.framework in Frameworks */,
				2E4540EBB7D04A449C2B8B14 /* CoreLocation.framework in Frameworks */,
				4D6B294BD60A4EF5ABFD7511 /* AVFoundation.framework in Frameworks */,
				3259744CACE24A2AB0284B1F /* AddressBook.framework in Frameworks */,
				7623B777D4294C2F90E94619 /* AddressBookUI.framework in Frameworks */,
				4BFB37B33EB54506ACFC67DA /* CoreMotion.framework in Frameworks */,
				8B0A67E910344BE9B3F6E994 /* AudioToolbox.framework in Frameworks */,
				D44F6BCDD8074DF4BFEC28FB /* SystemConfiguration.framework in Frameworks */,
				AC34181A983C46B4958B2B65 /* CoreTelephony.framework in Frameworks */,
			);
			runOnlyForDeploymentPostprocessing = 0;
		};
/* End PBXFrameworksBuildPhase section */

/* Begin PBXGroup section */
		080E96DDFE201D6D7F000001 /* Classes */ = {
			isa = PBXGroup;
			children = (
				302D95EE14D2391D003F00A1 /* MainViewController.h */,
				302D95EF14D2391D003F00A1 /* MainViewController.m */,
				302D95F014D2391D003F00A1 /* MainViewController.xib */,
				1D3623240D0F684500981E51 /* AppDelegate.h */,
				1D3623250D0F684500981E51 /* AppDelegate.m */,
			);
			name = Classes;
			path = "Onsen Test/Classes";
			sourceTree = SOURCE_ROOT;
		};
		19C28FACFE9D520D11CA2CBB /* Products */ = {
			isa = PBXGroup;
			children = (
				1D6058910D05DD3D006BFB54 /* Onsen Test.app */,
			);
			name = Products;
			sourceTree = "<group>";
		};
		29B97314FDCFA39411CA2CEA /* CustomTemplate */ = {
			isa = PBXGroup;
			children = (
				EB87FDF41871DAF40020F90C /* config.xml */,
				EB87FDF31871DA8E0020F90C /* www */,
				EB87FDF11871DA420020F90C /* Staging */,
				301BF52D109A57CC0062928A /* CordovaLib.xcodeproj */,
				080E96DDFE201D6D7F000001 /* Classes */,
				307C750510C5A3420062BCA9 /* Plugins */,
				29B97315FDCFA39411CA2CEA /* Other Sources */,
				29B97317FDCFA39411CA2CEA /* Resources */,
				29B97323FDCFA39411CA2CEA /* Frameworks */,
				19C28FACFE9D520D11CA2CBB /* Products */,
			);
			name = CustomTemplate;
			sourceTree = "<group>";
		};
		29B97315FDCFA39411CA2CEA /* Other Sources */ = {
			isa = PBXGroup;
			children = (
				32CA4F630368D1EE00C91783 /* Onsen Test-Prefix.pch */,
				29B97316FDCFA39411CA2CEA /* main.m */,
				ED33DF2A687741AEAF9F8254 /* Bridging-Header.h */,
			);
			name = "Other Sources";
			path = "Onsen Test";
			sourceTree = "<group>";
		};
		29B97317FDCFA39411CA2CEA /* Resources */ = {
			isa = PBXGroup;
			children = (
				0207DA571B56EA530066E2B4 /* Images.xcassets */,
				3047A50E1AB8057F00498E2A /* config */,
				8D1107310486CEB800E47090 /* Onsen Test-Info.plist */,
				B6E753CA34024972BE6F6056 /* CDVNotification.bundle */,
				56DE0EE204524C40AB450218 /* CDVCapture.bundle */,
			);
			name = Resources;
			path = "Onsen Test/Resources";
			sourceTree = "<group>";
		};
		29B97323FDCFA39411CA2CEA /* Frameworks */ = {
			isa = PBXGroup;
			children = (
				018373D9C373490EBA469EB7 /* ImageIO.framework */,
				43C8BE6458A54C83BB982350 /* CoreLocation.framework */,
				D46F7EE8B1E740BEA4979FF2 /* AVFoundation.framework */,
				E6C71EE3317B41E28AB9D72D /* AddressBook.framework */,
				35CEFD8AB96B420997CD9E15 /* AddressBookUI.framework */,
				0F2801A34EC645CA83378EB8 /* CoreMotion.framework */,
				53F367B174F643498B696D35 /* AudioToolbox.framework */,
				55CC9579BC9F4F51AA3EE484 /* SystemConfiguration.framework */,
				99FE77ABAA7E448BAE5BF2F0 /* CoreTelephony.framework */,
			);
			name = Frameworks;
			sourceTree = "<group>";
		};
		301BF52E109A57CC0062928A /* Products */ = {
			isa = PBXGroup;
			children = (
				301BF535109A57CC0062928A /* libCordova.a */,
			);
			name = Products;
			sourceTree = "<group>";
		};
		3047A50E1AB8057F00498E2A /* config */ = {
			isa = PBXGroup;
			children = (
				3047A50F1AB8059700498E2A /* build-debug.xcconfig */,
				3047A5101AB8059700498E2A /* build-release.xcconfig */,
				3047A5111AB8059700498E2A /* build.xcconfig */,
			);
			name = config;
			sourceTree = "<group>";
		};
		307C750510C5A3420062BCA9 /* Plugins */ = {
			isa = PBXGroup;
			children = (
				788B46F2F752447DBBBACC49 /* CDVBattery.m */,
				177FF07E7CD74FF49DD7BAD9 /* CDVBattery.h */,
				048963AFCD2A4E4EA6AD036A /* UIImage+CropScaleOrientation.m */,
				308C25ED377241DAAA1AF966 /* CDVCamera.m */,
				8A3BE91C43E54001B95BA322 /* CDVJpegHeaderWriter.m */,
				CEBDD3C0EB4D41DA915EDFE6 /* UIImage+CropScaleOrientation.h */,
				4171C0E61A894E9F97955FD1 /* CDVCamera.h */,
				A03FBDC264C54628A961AF65 /* CDVJpegHeaderWriter.h */,
				0E504A16C82A40D4A8D8B704 /* CDVExif.h */,
				90AA6CECA3144B5CAFCCD5EE /* CDVLogger.m */,
				EDDF39B733E1427A8272D908 /* CDVLogger.h */,
				79441E9A7C034B33A90B73F7 /* CDVContacts.m */,
				96C97BC025064FCABDF2123E /* CDVContact.m */,
				6FD7A9978321436C84DCD9F8 /* CDVContacts.h */,
				9F998D9012BC4BD0950FD05C /* CDVContact.h */,
				D5ABA7F9936A4E208F2A84BD /* CDVDevice.m */,
				09C1C3AE4D584A84A208B73B /* CDVDevice.h */,
				D2CD017575864247A04C2CFD /* CDVAccelerometer.m */,
				B46F59F0D5994681827C70AE /* CDVAccelerometer.h */,
				20F92141DF2847FFBF4E4EA4 /* CDVCompass.m */,
				2D60D22563E144A98B5A6C96 /* CDVCompass.h */,
				DB11E321788B409A9A30CBF1 /* CDVNotification.m */,
				97B21B9D6F0446D1A1BCFEAD /* CDVNotification.h */,
				D021B0161DA7425CB24BC02E /* CDVFile.m */,
				8BF44F5780074699A0963FA2 /* CDVLocalFilesystem.m */,
				AF8C89728ABF484DA6E860DF /* CDVAssetLibraryFilesystem.m */,
				210924B3F9EB4456B2C5B5ED /* CDVFile.h */,
				02A359029EC7492FA3C27040 /* CDVLocalFilesystem.h */,
				E1955C8C60A44A328F86C601 /* CDVAssetLibraryFilesystem.h */,
				160E940E38654E77B0BFD951 /* CDVFileTransfer.m */,
				E9F6D95195624DB6B7210B8E /* CDVFileTransfer.h */,
				C4528529B4DE4F89854F7B47 /* CDVLocation.m */,
				3B8B6B3EC97B4F218F780DA7 /* CDVLocation.h */,
				88914EBC9CDF4E648894FBBA /* CDVGlobalization.m */,
				6053E8D523A54576B21EBCCD /* CDVGlobalization.h */,
				19AC3EC7CD704ACE821189DC /* CDVInAppBrowser.m */,
				0A674173B2CA4D718BCF125E /* CDVInAppBrowser.h */,
				79F78AD44C304866B79B99F6 /* CDVSound.m */,
				99246684E0A3468A9F0ECE9A /* CDVSound.h */,
				D64B09815AD54EE39840C603 /* CDVCapture.m */,
				901AA3AD7FA94FACABA4FCA8 /* CDVCapture.h */,
				374572F21B974DFF9C089440 /* CDVConnection.m */,
				9464AF3E93374743A16D468C /* CDVReachability.m */,
				CFE4B8B1F65C4598A79460CA /* CDVConnection.h */,
				0F6FA4092FAF4B989D09CF26 /* CDVReachability.h */,
				A873AD7A585549FA85DC10FD /* CDVSplashScreen.m */,
				FF429ABC4E1E4296A31B6C6E /* CDVViewController+SplashScreen.m */,
				5992E2ABF80540658E759EC1 /* CDVSplashScreen.h */,
				8D2BB73236DF43C395AEC30E /* CDVViewController+SplashScreen.h */,
				C7A70535375C4BE69BC4ABB5 /* CDVStatusBar.m */,
				11A7C06106E64AC6A7016166 /* CDVStatusBar.h */,
				D50C74BFC03C47539AEEBA1D /* CDVVibration.m */,
				176A0FB2B0354946B8459C22 /* CDVVibration.h */,
			);
			name = Plugins;
			path = "Onsen Test/Plugins";
			sourceTree = SOURCE_ROOT;
		};
		EB87FDF11871DA420020F90C /* Staging */ = {
			isa = PBXGroup;
			children = (
				F840E1F0165FE0F500CFE078 /* config.xml */,
				301BF56E109A69640062928A /* www */,
			);
			name = Staging;
			sourceTree = "<group>";
		};
/* End PBXGroup section */

/* Begin PBXNativeTarget section */
		1D6058900D05DD3D006BFB54 /* Onsen Test */ = {
			isa = PBXNativeTarget;
			buildConfigurationList = 1D6058960D05DD3E006BFB54 /* Build configuration list for PBXNativeTarget "Onsen Test" */;
			buildPhases = (
				304B58A110DAC018002A0835 /* Copy www directory */,
				1D60588D0D05DD3D006BFB54 /* Resources */,
				1D60588E0D05DD3D006BFB54 /* Sources */,
				1D60588F0D05DD3D006BFB54 /* Frameworks */,
			);
			buildRules = (
			);
			dependencies = (
				301BF551109A68C00062928A /* PBXTargetDependency */,
			);
			name = "Onsen Test";
			productName = "Onsen Test";
			productReference = 1D6058910D05DD3D006BFB54 /* Onsen Test.app */;
			productType = "com.apple.product-type.application";
		};
/* End PBXNativeTarget section */

/* Begin PBXProject section */
		29B97313FDCFA39411CA2CEA /* Project object */ = {
			isa = PBXProject;
			attributes = {
				LastUpgradeCheck = 510;
			};
			buildConfigurationList = C01FCF4E08A954540054247B /* Build configuration list for PBXProject "__NON-CLI__" */;
			compatibilityVersion = "Xcode 3.2";
			developmentRegion = English;
			hasScannedForEncodings = 1;
			mainGroup = 29B97314FDCFA39411CA2CEA /* CustomTemplate */;
			projectDirPath = "";
			projectReferences = (
				{
					ProductGroup = 301BF52E109A57CC0062928A /* Products */;
					ProjectRef = 301BF52D109A57CC0062928A /* CordovaLib.xcodeproj */;
				},
			);
			projectRoot = "";
			targets = (
				1D6058900D05DD3D006BFB54 /* Onsen Test */,
			);
		};
/* End PBXProject section */

/* Begin PBXReferenceProxy section */
		301BF535109A57CC0062928A /* libCordova.a */ = {
			isa = PBXReferenceProxy;
			fileType = archive.ar;
			path = libCordova.a;
			remoteRef = 301BF534109A57CC0062928A /* PBXContainerItemProxy */;
			sourceTree = BUILT_PRODUCTS_DIR;
		};
/* End PBXReferenceProxy section */

/* Begin PBXResourcesBuildPhase section */
		1D60588D0D05DD3D006BFB54 /* Resources */ = {
			isa = PBXResourcesBuildPhase;
			buildActionMask = 2147483647;
			files = (
				302D95F214D2391D003F00A1 /* MainViewController.xib in Resources */,
				3047A5131AB8059700498E2A /* build-release.xcconfig in Resources */,
				3047A5141AB8059700498E2A /* build.xcconfig in Resources */,
				0207DA581B56EA530066E2B4 /* Images.xcassets in Resources */,
				3047A5121AB8059700498E2A /* build-debug.xcconfig in Resources */,
				16D9784D27564D33BFC646D2 /* CDVNotification.bundle in Resources */,
				77F191FE4D504512A76E12F7 /* CDVCapture.bundle in Resources */,
			);
			runOnlyForDeploymentPostprocessing = 0;
		};
/* End PBXResourcesBuildPhase section */

/* Begin PBXShellScriptBuildPhase section */
		304B58A110DAC018002A0835 /* Copy www directory */ = {
			isa = PBXShellScriptBuildPhase;
			buildActionMask = 2147483647;
			files = (
			);
			inputPaths = (
			);
			name = "Copy www directory";
			outputPaths = (
			);
			runOnlyForDeploymentPostprocessing = 0;
			shellPath = /bin/sh;
			shellScript = "NODEJS_PATH=/usr/local/bin; NVM_NODE_PATH=~/.nvm/versions/node/`nvm version 2>/dev/null`/bin; N_NODE_PATH=`find /usr/local/n/versions/node/* -maxdepth 0 -type d 2>/dev/null | tail -1`/bin; XCODE_NODE_PATH=`xcode-select --print-path`/usr/share/xcs/Node/bin; PATH=$NODEJS_PATH:$NVM_NODE_PATH:$N_NODE_PATH:$XCODE_NODE_PATH:$PATH && node cordova/lib/copy-www-build-step.js";
			showEnvVarsInLog = 0;
		};
/* End PBXShellScriptBuildPhase section */

/* Begin PBXSourcesBuildPhase section */
		1D60588E0D05DD3D006BFB54 /* Sources */ = {
			isa = PBXSourcesBuildPhase;
			buildActionMask = 2147483647;
			files = (
				1D60589B0D05DD56006BFB54 /* main.m in Sources */,
				1D3623260D0F684500981E51 /* AppDelegate.m in Sources */,
				302D95F114D2391D003F00A1 /* MainViewController.m in Sources */,
				CE911F4D75964937916A09C7 /* CDVBattery.m in Sources */,
				B06178ABA4E0415699ECFABC /* UIImage+CropScaleOrientation.m in Sources */,
				6299ADE78E414D01B54AB948 /* CDVCamera.m in Sources */,
				704B4D69E4D745FDA4CCF364 /* CDVJpegHeaderWriter.m in Sources */,
				79D829419DCA478E84E22C36 /* CDVLogger.m in Sources */,
				47207C7E74F94E16A07C21DC /* CDVContacts.m in Sources */,
				4F57A9C585B74F439A48949D /* CDVContact.m in Sources */,
				DC1690459AC143018175CE80 /* CDVDevice.m in Sources */,
				33B50517451847BEBCFE222B /* CDVAccelerometer.m in Sources */,
				FC7833BE506D4814AFF8F327 /* CDVCompass.m in Sources */,
				BE956D121E384227865401EB /* CDVNotification.m in Sources */,
				A76257DCA8644A4BA96BFBBB /* CDVFile.m in Sources */,
				12F7175ACA4E4759A8A0EEF2 /* CDVLocalFilesystem.m in Sources */,
				6715806A941F429EBFD3D977 /* CDVAssetLibraryFilesystem.m in Sources */,
				B7A2CD0C10CF4825BA2A51D2 /* CDVFileTransfer.m in Sources */,
				1783E96815074E02B3AED183 /* CDVLocation.m in Sources */,
				FB29F6F4679C4C0A83192ACE /* CDVGlobalization.m in Sources */,
				B8F1EA74643249E89D7180D7 /* CDVInAppBrowser.m in Sources */,
				8C06016F2FA749B88D10A553 /* CDVSound.m in Sources */,
				82F3C639C9B34474B7F4857E /* CDVCapture.m in Sources */,
				A49EA8E00A4546DBA95D24F6 /* CDVConnection.m in Sources */,
				9ABA14A4DEAE4E9F82E28F7A /* CDVReachability.m in Sources */,
				28C2263E86E34B229B18805E /* CDVSplashScreen.m in Sources */,
				2EEC2D62F39E4F1B9A67F2AD /* CDVViewController+SplashScreen.m in Sources */,
				866D118242C24968B0C328BD /* CDVStatusBar.m in Sources */,
				D3B53C713B304392AA6AEFA7 /* CDVVibration.m in Sources */,
			);
			runOnlyForDeploymentPostprocessing = 0;
		};
/* End PBXSourcesBuildPhase section */

/* Begin PBXTargetDependency section */
		301BF551109A68C00062928A /* PBXTargetDependency */ = {
			isa = PBXTargetDependency;
			name = CordovaLib;
			targetProxy = 301BF550109A68C00062928A /* PBXContainerItemProxy */;
		};
/* End PBXTargetDependency section */

/* Begin XCBuildConfiguration section */
		1D6058940D05DD3E006BFB54 /* Debug */ = {
			isa = XCBuildConfiguration;
			baseConfigurationReference = 3047A50F1AB8059700498E2A /* build-debug.xcconfig */;
			buildSettings = {
				ALWAYS_SEARCH_USER_PATHS = NO;
				ASSETCATALOG_COMPILER_APPICON_NAME = AppIcon;
				ASSETCATALOG_COMPILER_LAUNCHIMAGE_NAME = LaunchImage;
				CLANG_ENABLE_MODULES = YES;
				CLANG_ENABLE_OBJC_ARC = YES;
				COPY_PHASE_STRIP = NO;
				GCC_DYNAMIC_NO_PIC = NO;
				GCC_OPTIMIZATION_LEVEL = 0;
				GCC_PRECOMPILE_PREFIX_HEADER = YES;
				GCC_PREFIX_HEADER = "Onsen Test/Onsen Test-Prefix.pch";
				GCC_THUMB_SUPPORT = NO;
				GCC_VERSION = "";
				INFOPLIST_FILE = "Onsen Test/Onsen Test-Info.plist";
				LD_RUNPATH_SEARCH_PATHS = "@executable_path/Frameworks";
				PRODUCT_NAME = "Onsen Test";
			};
			name = Debug;
		};
		1D6058950D05DD3E006BFB54 /* Release */ = {
			isa = XCBuildConfiguration;
			baseConfigurationReference = 3047A5101AB8059700498E2A /* build-release.xcconfig */;
			buildSettings = {
				ALWAYS_SEARCH_USER_PATHS = NO;
				ASSETCATALOG_COMPILER_APPICON_NAME = AppIcon;
				ASSETCATALOG_COMPILER_LAUNCHIMAGE_NAME = LaunchImage;
				CLANG_ENABLE_MODULES = YES;
				CLANG_ENABLE_OBJC_ARC = YES;
				COPY_PHASE_STRIP = YES;
				GCC_PRECOMPILE_PREFIX_HEADER = YES;
				GCC_PREFIX_HEADER = "Onsen Test/Onsen Test-Prefix.pch";
				GCC_THUMB_SUPPORT = NO;
				GCC_VERSION = "";
				INFOPLIST_FILE = "Onsen Test/Onsen Test-Info.plist";
				PRODUCT_NAME = "Onsen Test";
			};
			name = Release;
		};
		C01FCF4F08A954540054247B /* Debug */ = {
			isa = XCBuildConfiguration;
			baseConfigurationReference = 3047A5111AB8059700498E2A /* build.xcconfig */;
			buildSettings = {
				CLANG_ENABLE_MODULES = YES;
				CLANG_ENABLE_OBJC_ARC = YES;
				CLANG_WARN_BOOL_CONVERSION = YES;
				CLANG_WARN_CONSTANT_CONVERSION = YES;
				CLANG_WARN_EMPTY_BODY = YES;
				CLANG_WARN_ENUM_CONVERSION = YES;
				CLANG_WARN_INT_CONVERSION = YES;
				CLANG_WARN__DUPLICATE_METHOD_MATCH = YES;
				GCC_C_LANGUAGE_STANDARD = c99;
				GCC_THUMB_SUPPORT = NO;
				GCC_VERSION = "";
				GCC_WARN_ABOUT_RETURN_TYPE = YES;
				GCC_WARN_UNDECLARED_SELECTOR = YES;
				GCC_WARN_UNINITIALIZED_AUTOS = YES;
				GCC_WARN_UNUSED_FUNCTION = YES;
				GCC_WARN_UNUSED_VARIABLE = YES;
				ONLY_ACTIVE_ARCH = YES;
				SDKROOT = iphoneos;
				SKIP_INSTALL = NO;
				PRODUCT_NAME = "Onsen Test";
			};
			name = Debug;
		};
		C01FCF5008A954540054247B /* Release */ = {
			isa = XCBuildConfiguration;
			baseConfigurationReference = 3047A5111AB8059700498E2A /* build.xcconfig */;
			buildSettings = {
				CLANG_ENABLE_MODULES = YES;
				CLANG_ENABLE_OBJC_ARC = YES;
				CLANG_WARN_BOOL_CONVERSION = YES;
				CLANG_WARN_CONSTANT_CONVERSION = YES;
				CLANG_WARN_EMPTY_BODY = YES;
				CLANG_WARN_ENUM_CONVERSION = YES;
				CLANG_WARN_INT_CONVERSION = YES;
				CLANG_WARN__DUPLICATE_METHOD_MATCH = YES;
				GCC_C_LANGUAGE_STANDARD = c99;
				GCC_THUMB_SUPPORT = NO;
				GCC_VERSION = "";
				GCC_WARN_ABOUT_RETURN_TYPE = YES;
				GCC_WARN_UNDECLARED_SELECTOR = YES;
				GCC_WARN_UNINITIALIZED_AUTOS = YES;
				GCC_WARN_UNUSED_FUNCTION = YES;
				GCC_WARN_UNUSED_VARIABLE = YES;
				SDKROOT = iphoneos;
				SKIP_INSTALL = NO;
				PRODUCT_NAME = "Onsen Test";
			};
			name = Release;
		};
/* End XCBuildConfiguration section */

/* Begin XCConfigurationList section */
		1D6058960D05DD3E006BFB54 /* Build configuration list for PBXNativeTarget "Onsen Test" */ = {
			isa = XCConfigurationList;
			buildConfigurations = (
				1D6058940D05DD3E006BFB54 /* Debug */,
				1D6058950D05DD3E006BFB54 /* Release */,
			);
			defaultConfigurationIsVisible = 0;
			defaultConfigurationName = Release;
		};
		C01FCF4E08A954540054247B /* Build configuration list for PBXProject "__NON-CLI__" */ = {
			isa = XCConfigurationList;
			buildConfigurations = (
				C01FCF4F08A954540054247B /* Debug */,
				C01FCF5008A954540054247B /* Release */,
			);
			defaultConfigurationIsVisible = 0;
			defaultConfigurationName = Release;
		};
/* End XCConfigurationList section */
	};
	rootObject = 29B97313FDCFA39411CA2CEA /* Project object */;
}
